
Microsoft Visual Studio Solution File, Format Version 12.00
# Visual Studio 15
VisualStudioVersion = 15.0.27428.2011
MinimumVisualStudioVersion = 10.0.40219.1
Project("{FAE04EC0-301F-11D3-BF4B-00C04F79EFBC}") = "Movie_App", "Movie_App\Movie_App.csproj", "{84A02AA9-66D4-4B9A-B726-1C2686C426D7}"
EndProject
Global
	GlobalSection(SolutionConfigurationPlatforms) = preSolution
		Debug|Any CPU = Debug|Any CPU
		Release|Any CPU = Release|Any CPU
	EndGlobalSection
	GlobalSection(ProjectConfigurationPlatforms) = postSolution
		{84A02AA9-66D4-4B9A-B726-1C2686C426D7}.Debug|Any CPU.ActiveCfg = Debug|Any CPU
		{84A02AA9-66D4-4B9A-B726-1C2686C426D7}.Debug|Any CPU.Build.0 = Debug|Any CPU
		{84A02AA9-66D4-4B9A-B726-1C2686C426D7}.Release|Any CPU.ActiveCfg = Release|Any CPU
		{84A02AA9-66D4-4B9A-B726-1C2686C426D7}.Release|Any CPU.Build.0 = Release|Any CPU
	EndGlobalSection
	GlobalSection(SolutionProperties) = preSolution
		HideSolutionNode = FALSE
	EndGlobalSection
	GlobalSection(ExtensibilityGlobals) = postSolution
		SolutionGuid = {8EAB1146-83FD-4168-B529-5A547845878A}
	EndGlobalSection
EndGlobal
